{
    "_meta": {
        "hash": {
            "sha256": "8e8ae563cca810cf2ec22f0eb33384d60f753435c9917e60c74d9b0c6bad2007"
        },
        "pipfile-spec": 6,
        "requires": {
            "python_version": "3.7"
        },
        "sources": [
            {
                "name": "pypi",
                "url": "https://pypi.org/simple",
                "verify_ssl": true
            }
        ]
    },
    "default": {
        "babel": {
            "hashes": [
                "sha256:1aac2ae2d0d8ea368fa90906567f5c08463d98ade155c0c4bfedd6a0f7160e38",
                "sha256:d670ea0b10f8b723672d3a6abeb87b565b244da220d76b4dba1b66269ec152d4"
            ],
            "version": "==2.8.0"
        },
        "certifi": {
            "hashes": [
                "sha256:017c25db2a153ce562900032d5bc68e9f191e44e9a0f762f373977de9df1fbb3",
                "sha256:25b64c7da4cd7479594d035c08c2d809eb4aab3a26e5a990ea98cc450c320f1f"
            ],
            "version": "==2019.11.28"
        },
        "chardet": {
            "hashes": [
                "sha256:84ab92ed1c4d4f16916e05906b6b75a6c0fb5db821cc65e70cbd64a3e2a5eaae",
                "sha256:fc323ffcaeaed0e0a02bf4d117757b98aed530d9ed4531e3e15460124c106691"
            ],
            "version": "==3.0.4"
        },
        "django": {
            "hashes": [
                "sha256:a4ad4f6f9c6a4b7af7e2deec8d0cbff28501852e5010d6c2dc695d3d1fae7ca0",
                "sha256:fa98ec9cc9bf5d72a08ebf3654a9452e761fbb8566e3f80de199cbc15477e891"
            ],
            "index": "pypi",
            "version": "==2.2.8"
        },
        "django-cors-middleware": {
            "hashes": [
                "sha256:85904a3401e7bc0c86502ff2b01d726917af3aaa7dafb77799b27ace637e8c92",
                "sha256:bca8888ed33a94ba5472bde37ed71ec3d08231d6817fd4d799296b016073da95"
            ],
            "index": "pypi",
            "version": "==1.4.0"
        },
        "django-formtools": {
            "hashes": [
                "sha256:304fa777b8ef9e0693ce7833f885cb89ba46b0e46fc23b01176900a93f46742f",
                "sha256:c5272c03c1cd51b2375abf7397a199a3148a9fbbf2f100e186467a84025d13b2"
            ],
            "version": "==2.2"
        },
        "django-oidc-provider": {
            "hashes": [
                "sha256:3fa50d35ce614a68cde704606dbff86d8535a7679871ce3ec30100b28f3af50d"
            ],
            "index": "pypi",
            "version": "==0.7.0"
        },
        "django-otp": {
            "hashes": [
                "sha256:1f16c2b93fe484706ff16ac6f5e64ecc73dd240318c333e0560384ba548d3837",
                "sha256:cd4975539be478417033561e9832a1a69a583189f680e92a649f412c661f90aa"
            ],
            "version": "==0.7.5"
        },
        "django-phonenumber-field": {
            "hashes": [
                "sha256:8db9d2dc833678b163adabd593cda7ad1dede81a1c18f67c895701fc44dc44f1"
            ],
            "version": "==1.3.0"
        },
        "django-two-factor-auth": {
            "hashes": [
                "sha256:464c33bcbd2f43470adc5f9b1c1957c8afad7bbada08a92c95031d26e7a8dd73",
                "sha256:df45c2aafce5174c2c0ccc15740f6bb3bb78402b6bd27223d87cb3ba3ee52626"
            ],
            "index": "pypi",
            "version": "==1.9.1"
        },
        "django-user-sessions": {
            "hashes": [
                "sha256:1e8c9c06f932e0d3090defdd2977221fe2465ed838655856532da1325a9a5180",
                "sha256:e23d8860eb5a913ee345c198401b179af092b39d33eac61f1e49c9091e74e38c"
            ],
            "index": "pypi",
            "version": "==1.7.1"
        },
        "future": {
            "hashes": [
                "sha256:b1bead90b70cf6ec3f0710ae53a525360fa360d306a86583adc6bf83a4db537d"
            ],
            "version": "==0.18.2"
        },
        "geoip2": {
            "hashes": [
                "sha256:a37ddac2d200ffb97c736da8b8ba9d5d8dc47da6ec0f162a461b681ecac53a14",
                "sha256:f7ffe9d258e71a42cf622ce6350d976de1d0312b9f2fbce3975c7d838b57ecf0"
            ],
            "index": "pypi",
            "version": "==2.9.0"
        },
        "idna": {
            "hashes": [
                "sha256:c357b3f628cf53ae2c4c05627ecc484553142ca23264e593d327bcde5e9c3407",
                "sha256:ea8b7f6188e6fa117537c3df7da9fc686d485087abf6ac197f9c46432f7e4a3c"
            ],
            "version": "==2.8"
        },
        "maxminddb": {
            "hashes": [
                "sha256:d0ce131d901eb11669996b49a59f410efd3da2c6dbe2c0094fe2fef8d85b6336"
            ],
            "version": "==1.5.2"
        },
        "phonenumbers": {
            "hashes": [
                "sha256:b913023be4f99a210038efd3cef5212b3d11fdf7829a0b75a0031cff3eae2d9e",
                "sha256:e9752dda6abb076d528d954d16c8bc7f8682df6f42c837862d0dea88c7667908"
            ],
            "index": "pypi",
            "version": "==8.10.17"
        },
        "phonenumberslite": {
            "hashes": [
                "sha256:397a913259b6b5c4d9da06c87c16d53108f493e2a0b3196cc48cb59acc92f245",
                "sha256:81670aa5434393362a6d36a71bcec49023cdaa36ec0d706d93c8cf2bb926958d"
            ],
            "version": "==8.11.2"
        },
        "pycryptodomex": {
            "hashes": [
                "sha256:0943b65fb41b7403a9def6214061fdd9ab9afd0bbc581e553c72eebe60bded36",
                "sha256:0a1dbb5c4d975a4ea568fb7686550aa225d94023191fb0cca8747dc5b5d77857",
                "sha256:0f43f1608518347fdcb9c8f443fa5cabedd33f94188b13e4196a3a7ba90d169c",
                "sha256:11ce5fec5990e34e3981ed14897ba601c83957b577d77d395f1f8f878a179f98",
                "sha256:17a09e38fdc91e4857cf5a7ce82f3c0b229c3977490f2146513e366923fc256b",
                "sha256:22d970cee5c096b9123415e183ae03702b2cd4d3ba3f0ced25c4e1aba3967167",
                "sha256:2a1793efcbae3a2264c5e0e492a2629eb10d895d6e5f17dbbd00eb8b489c6bda",
                "sha256:30a8a148a0fe482cec1aaf942bbd0ade56ec197c14fe058b2a94318c57e1f991",
                "sha256:32fbbaf964c5184d3f3e349085b0536dd28184b02e2b014fc900f58bbc126339",
                "sha256:347d67faee36d449dc9632da411cc318df52959079062627f1243001b10dc227",
                "sha256:45f4b4e5461a041518baabc52340c249b60833aa84cea6377dc8016a2b33c666",
                "sha256:4717daec0035034b002d31c42e55431c970e3e38a78211f43990e1b7eaf19e28",
                "sha256:51a1ac9e7dda81da444fed8be558a60ec88dfc73b2aa4b0efa310e87acb75838",
                "sha256:53e9dcc8f14783f6300b70da325a50ac1b0a3dbaee323bd9dc3f71d409c197a1",
                "sha256:5519a2ed776e193688b7ddb61ab709303f6eb7d1237081e298283c72acc44271",
                "sha256:583450e8e80a0885c453211ed2bd69ceea634d8c904f23ff8687f677fe810e95",
                "sha256:60f862bd2a07133585a4fc2ce2b1a8ec24746b07ac44307d22ef2b767cb03435",
                "sha256:612091f1d3c84e723bec7cb855cf77576e646045744794c9a3f75ba80737762f",
                "sha256:629a87b87c8203b8789ccefc7f2f2faecd2daaeb56bdd0b4e44cd89565f2db07",
                "sha256:6e56ec4c8938fb388b6f250ddd5e21c15e8f25a76e0ad0e2abae9afee09e67b4",
                "sha256:8e8092651844a11ec7fa534395f3dfe99256ce4edca06f128efc9d770d6e1dc1",
                "sha256:8f5f260629876603e08f3ce95c8ccd9b6b83bf9a921c41409046796267f7adc5",
                "sha256:9a6b74f38613f54c56bd759b411a352258f47489bbefd1d57c930a291498b35b",
                "sha256:a5a13ebb52c4cd065fb673d8c94f39f30823428a4de19e1f3f828b63a8882d1e",
                "sha256:a77ca778a476829876a3a70ae880073379160e4a465d057e3c4e1c79acdf1b8a",
                "sha256:a9f7be3d19f79429c2118fd61bc2ec4fa095e93b56fb3a5f3009822402c4380f",
                "sha256:dc15a467c4f9e4b43748ba2f97aea66f67812bfd581818284c47cadc81d4caec",
                "sha256:e13cdeea23059f7577c230fd580d2c8178e67ebe10e360041abe86c33c316f1c",
                "sha256:e45b85c8521bca6bdfaf57e4987743ade53e9f03529dd3adbc9524094c6d55c4",
                "sha256:e87f17867b260f57c88487f943eb4d46c90532652bb37046e764842c3b66cbb1",
                "sha256:ee40a5b156f6c1192bc3082e9d73d0479904433cdda83110546cd67f5a15a5be",
                "sha256:ef63ffde3b267043579af8830fc97fc3b9b8a526a24e3ba23af9989d4e9e689a"
            ],
            "version": "==3.9.4"
        },
        "pyjwkest": {
            "hashes": [
                "sha256:5560fd5ba08655f29ff6ad1df1e15dc05abc9d976fcbcec8d2b5167f49b70222"
            ],
            "version": "==1.4.2"
        },
        "pytz": {
            "hashes": [
                "sha256:1c557d7d0e871de1f5ccd5833f60fb2550652da6be2693c1e02300743d21500d",
                "sha256:b02c06db6cf09c12dd25137e563b31700d3b80fcc4ad23abb7a315f2789819be"
            ],
            "version": "==2019.3"
        },
        "qrcode": {
            "hashes": [
                "sha256:3996ee560fc39532910603704c82980ff6d4d5d629f9c3f25f34174ce8606cf5",
                "sha256:505253854f607f2abf4d16092c61d4e9d511a3b4392e60bff957a68592b04369"
            ],
            "version": "==6.1"
        },
        "requests": {
            "hashes": [
                "sha256:11e007a8a2aa0323f5a921e9e6a2d7e4e67d9877e85773fba9ba6419025cbeb4",
                "sha256:9cf5292fcd0f598c671cfc1e0d7d1a7f13bb8085e9a590f48c010551dc6c4b31"
            ],
            "version": "==2.22.0"
        },
        "six": {
            "hashes": [
                "sha256:236bdbdce46e6e6a3d61a337c0f8b763ca1e8717c03b369e87a7ec7ce1319c0a",
                "sha256:8f3cd2e254d8f793e7f3d6d9df77b92252b52637291d0f0da013c76ea2724b6c"
            ],
            "version": "==1.14.0"
        },
        "sqlparse": {
            "hashes": [
                "sha256:40afe6b8d4b1117e7dff5504d7a8ce07d9a1b15aeeade8a2d10f130a834f8177",
                "sha256:7c3dca29c022744e95b547e867cee89f4fce4373f3549ccd8797d8eb52cdb873"
            ],
            "version": "==0.3.0"
        },
        "urllib3": {
            "hashes": [
                "sha256:2f3db8b19923a873b3e5256dc9c2dedfa883e33d87c690d9c7913e1f40673cdc",
                "sha256:87716c2d2a7121198ebcb7ce7cccf6ce5e9ba539041cfbaeecfb641dc0bf6acc"
            ],
            "version": "==1.25.8"
        }
    },
    "develop": {}
}
