{
    "_meta": {
        "hash": {
            "sha256": "8e8ae563cca810cf2ec22f0eb33384d60f753435c9917e60c74d9b0c6bad2007"
        },
        "pipfile-spec": 6,
        "requires": {
            "python_version": "3.7"
        },
        "sources": [
            {
                "name": "pypi",
                "url": "https://pypi.org/simple",
                "verify_ssl": true
            }
        ]
    },
    "default": {
        "babel": {
            "hashes": [
                "sha256:1ad3eca1c885218f6dce2ab67291178944f810a10a9b5f3cb8382a5a232b64fe",
                "sha256:5ef4b3226b0180dedded4229651c8b0e1a3a6a2837d45a073272f313e4cf97f6"
            ],
            "markers": "python_full_version >= '3.6.0'",
            "version": "==2.11.0"
        },
        "certifi": {
            "hashes": [
                "sha256:35824b4c3a97115964b408844d64aa14db1cc518f6562e8d7261699d1350a9e3",
                "sha256:4ad3232f5e926d6718ec31cfc1fcadfde020920e278684144551c91769c7bc18"
            ],
            "index": "pypi",
            "version": "==2022.12.7"
        },
        "charset-normalizer": {
            "hashes": [
                "sha256:5a3d016c7c547f69d6f81fb0db9449ce888b418b5b9952cc5e6e66843e9dd845",
                "sha256:83e9a75d1911279afd89352c68b45348559d1fc0506b054b346651b5e7fee29f"
            ],
            "markers": "python_full_version >= '3.6.0'",
            "version": "==2.1.1"
        },
        "django": {
            "hashes": [
                "sha256:1ee37046b0bf2b61e83b3a01d067323516ec3b6f2b17cd49b1326dd4ba9dc913",
                "sha256:90763c764738586b11d7e1f44828032c153366e43ad7f782908193a1bb2d6d92"
            ],
            "index": "pypi",
            "version": "==2.2.27"
        },
        "django-cors-middleware": {
            "hashes": [
                "sha256:85904a3401e7bc0c86502ff2b01d726917af3aaa7dafb77799b27ace637e8c92",
                "sha256:bca8888ed33a94ba5472bde37ed71ec3d08231d6817fd4d799296b016073da95"
            ],
            "index": "pypi",
            "version": "==1.4.0"
        },
        "django-formtools": {
            "hashes": [
                "sha256:deb932be55b1d9419e37dc4d65dfbfeb8d307b71c8c11fd52f159aba5fc0deed",
                "sha256:f5f32f62ec8192cd1bc55bd929ca7dff5a5f2addf9027db95a5906ecfaa64836"
            ],
            "markers": "python_full_version >= '3.6.0'",
            "version": "==2.4"
        },
        "django-oidc-provider": {
            "hashes": [
                "sha256:3fa50d35ce614a68cde704606dbff86d8535a7679871ce3ec30100b28f3af50d"
            ],
            "index": "pypi",
            "version": "==0.7.0"
        },
        "django-otp": {
            "hashes": [
                "sha256:50e54bc09bc435e2ad88f0aa7008718079c3529c422b469b3991a97d28b147bb",
                "sha256:6b92c69021558765e80411479a01788977106d5696c391d2e5342074c1dd74d1"
            ],
            "version": "==0.9.4"
        },
        "django-phonenumber-field": {
            "hashes": [
                "sha256:1ab19f723928582fed412bd9844221fa4ff466276d8526b8b4a9913ee1487c5e",
                "sha256:794ebbc3068a7af75aa72a80cb0cec67e714ff8409a965968040f1fd210b2d97"
            ],
            "markers": "python_version >= '3.5'",
            "version": "==3.0.1"
        },
        "django-two-factor-auth": {
            "hashes": [
                "sha256:020e7111e96db7a09ccfe8b998ae16aaec454d9debe97f7f2b7481b2aed165e2",
                "sha256:4e9de047a8e3f1ff7ed8bc41eb6c595e1a19c016e1f08ea81a2ba6898b93c3f3"
            ],
            "index": "pypi",
            "version": "==1.12"
        },
        "django-user-sessions": {
            "hashes": [
                "sha256:1e8c9c06f932e0d3090defdd2977221fe2465ed838655856532da1325a9a5180",
                "sha256:e23d8860eb5a913ee345c198401b179af092b39d33eac61f1e49c9091e74e38c"
            ],
            "index": "pypi",
            "version": "==1.7.1"
        },
        "future": {
            "hashes": [
                "sha256:b1bead90b70cf6ec3f0710ae53a525360fa360d306a86583adc6bf83a4db537d"
            ],
            "markers": "python_version >= '2.6' and python_version not in '3.0, 3.1, 3.2, 3.3'",
            "version": "==0.18.2"
        },
        "geoip2": {
            "hashes": [
                "sha256:a37ddac2d200ffb97c736da8b8ba9d5d8dc47da6ec0f162a461b681ecac53a14",
                "sha256:f7ffe9d258e71a42cf622ce6350d976de1d0312b9f2fbce3975c7d838b57ecf0"
            ],
            "index": "pypi",
            "version": "==2.9.0"
        },
        "idna": {
            "hashes": [
                "sha256:814f528e8dead7d329833b91c5faa87d60bf71824cd12a7530b5526063d02cb4",
                "sha256:90b77e79eaa3eba6de819a0c442c0b4ceefc341a7a2ab77d7562bf49f425c5c2"
            ],
            "markers": "python_version >= '3.5'",
            "version": "==3.4"
        },
        "maxminddb": {
            "hashes": [
                "sha256:e37707ec4fab115804670e0fb7aedb4b57075a8b6f80052bdc648d3c005184e5"
            ],
            "markers": "python_full_version >= '3.6.0'",
            "version": "==2.2.0"
        },
        "phonenumbers": {
            "hashes": [
                "sha256:b913023be4f99a210038efd3cef5212b3d11fdf7829a0b75a0031cff3eae2d9e",
                "sha256:e9752dda6abb076d528d954d16c8bc7f8682df6f42c837862d0dea88c7667908"
            ],
            "index": "pypi",
            "version": "==8.10.17"
        },
        "pycryptodomex": {
            "hashes": [
                "sha256:04610536921c1ec7adba158ef570348550c9f3a40bc24be9f8da2ef7ab387981",
                "sha256:0ba28aa97cdd3ff5ed1a4f2b7f5cd04e721166bd75bd2b929e2734433882b583",
                "sha256:0da835af786fdd1c9930994c78b23e88d816dc3f99aa977284a21bbc26d19735",
                "sha256:1619087fb5b31510b0b0b058a54f001a5ffd91e6ffee220d9913064519c6a69d",
                "sha256:1cda60207be8c1cf0b84b9138f9e3ca29335013d2b690774a5e94678ff29659a",
                "sha256:22aed0868622d95179217c298e37ed7410025c7b29dac236d3230617d1e4ed56",
                "sha256:231dc8008cbdd1ae0e34645d4523da2dbc7a88c325f0d4a59635a86ee25b41dd",
                "sha256:2ad9bb86b355b6104796567dd44c215b3dc953ef2fae5e0bdfb8516731df92cf",
                "sha256:4dbbe18cc232b5980c7633972ae5417d0df76fe89e7db246eefd17ef4d8e6d7a",
                "sha256:6a465e4f856d2a4f2a311807030c89166529ccf7ccc65bef398de045d49144b6",
                "sha256:70288d9bfe16b2fd0d20b6c365db614428f1bcde7b20d56e74cf88ade905d9eb",
                "sha256:7993d26dae4d83b8f4ce605bb0aecb8bee330bb3c95475ef06f3694403621e71",
                "sha256:8851585ff19871e5d69e1790f4ca5f6fd1699d6b8b14413b472a4c0dbc7ea780",
                "sha256:893f8a97d533c66cc3a56e60dd3ed40a3494ddb4aafa7e026429a08772f8a849",
                "sha256:8dd2d9e3c617d0712ed781a77efd84ea579e76c5f9b2a4bc0b684ebeddf868b2",
                "sha256:a1c0ae7123448ecb034c75c713189cb00ebe2d415b11682865b6c54d200d9c93",
                "sha256:b0789a8490114a2936ed77c87792cfe77582c829cb43a6d86ede0f9624ba8aa3",
                "sha256:b3d04c00d777c36972b539fb79958790126847d84ec0129fce1efef250bfe3ce",
                "sha256:ba57ac7861fd2c837cdb33daf822f2a052ff57dd769a2107807f52a36d0e8d38",
                "sha256:ce338a9703f54b2305a408fc9890eb966b727ce72b69f225898bb4e9d9ed3f1f",
                "sha256:daa67f5ebb6fbf1ee9c90decaa06ca7fc88a548864e5e484d52b0920a57fe8a5",
                "sha256:e2453162f473c1eae4826eb10cd7bce19b5facac86d17fb5f29a570fde145abd",
                "sha256:e25a2f5667d91795f9417cb856f6df724ccdb0cdd5cbadb212ee9bf43946e9f8",
                "sha256:e5a670919076b71522c7d567a9043f66f14b202414a63c3a078b5831ae342c03",
                "sha256:e9ba9d8ed638733c9e95664470b71d624a6def149e2db6cc52c1aca5a6a2df1d",
                "sha256:f2b971a7b877348a27dcfd0e772a0343fb818df00b74078e91c008632284137d"
            ],
            "markers": "python_version >= '2.7' and python_version not in '3.0, 3.1, 3.2, 3.3, 3.4'",
            "version": "==3.16.0"
        },
        "pyjwkest": {
            "hashes": [
                "sha256:5560fd5ba08655f29ff6ad1df1e15dc05abc9d976fcbcec8d2b5167f49b70222"
            ],
            "version": "==1.4.2"
        },
        "pytz": {
            "hashes": [
                "sha256:222439474e9c98fced559f1709d89e6c9cbf8d79c794ff3eb9f8800064291427",
                "sha256:e89512406b793ca39f5971bc999cc538ce125c0e51c27941bef4568b460095e2"
            ],
            "version": "==2022.6"
        },
        "qrcode": {
            "hashes": [
                "sha256:3996ee560fc39532910603704c82980ff6d4d5d629f9c3f25f34174ce8606cf5",
                "sha256:505253854f607f2abf4d16092c61d4e9d511a3b4392e60bff957a68592b04369"
            ],
            "version": "==6.1"
        },
        "requests": {
            "hashes": [
                "sha256:7c5599b102feddaa661c826c56ab4fee28bfd17f5abca1ebbe3e7f19d7c97983",
                "sha256:8fefa2a1a1365bf5520aac41836fbee479da67864514bdb821f31ce07ce65349"
            ],
            "markers": "python_version >= '3.7' and python_version < '4'",
            "version": "==2.28.1"
        },
        "six": {
            "hashes": [
                "sha256:1e61c37477a1626458e36f7b1d82aa5c9b094fa4802892072e49de9c60c4c926",
                "sha256:8abb2f1d86890a2dfb989f9a77cfcfd3e47c2a354b01111771326f8aa26e0254"
            ],
            "markers": "python_version >= '2.7' and python_version not in '3.0, 3.1, 3.2, 3.3'",
            "version": "==1.16.0"
        },
        "sqlparse": {
            "hashes": [
                "sha256:0323c0ec29cd52bceabc1b4d9d579e311f3e4961b98d174201d5622a23b85e34",
                "sha256:69ca804846bb114d2ec380e4360a8a340db83f0ccf3afceeb1404df028f57268"
            ],
            "markers": "python_version >= '3.5'",
            "version": "==0.4.3"
        },
        "urllib3": {
            "hashes": [
                "sha256:47cc05d99aaa09c9e72ed5809b60e7ba354e64b59c9c173ac3018642d8bb41fc",
                "sha256:c083dd0dce68dbfbe1129d5271cb90f9447dea7d52097c6e0126120c521ddea8"
            ],
            "markers": "python_version >= '2.7' and python_version not in '3.0, 3.1, 3.2, 3.3, 3.4, 3.5'",
            "version": "==1.26.13"
        }
    },
    "develop": {}
}
